
Microsoft Visual Studio Solution File, Format Version 12.00
Project("{FAE04EC0-301F-11D3-BF4B-00C04F79EFBC}") = "Lokalizer.Host.WA", "Lokalizer.Host.WA\Lokalizer.Host.WA.csproj", "{91EA4410-B163-4247-914B-EDE0A9B1115B}"
EndProject
Global
	GlobalSection(SolutionConfigurationPlatforms) = preSolution
		Debug|Any CPU = Debug|Any CPU
		Release|Any CPU = Release|Any CPU
	EndGlobalSection
	GlobalSection(ProjectConfigurationPlatforms) = postSolution
		{91EA4410-B163-4247-914B-EDE0A9B1115B}.Debug|Any CPU.ActiveCfg = Debug|Any CPU
		{91EA4410-B163-4247-914B-EDE0A9B1115B}.Debug|Any CPU.Build.0 = Debug|Any CPU
		{91EA4410-B163-4247-914B-EDE0A9B1115B}.Release|Any CPU.ActiveCfg = Release|Any CPU
		{91EA4410-B163-4247-914B-EDE0A9B1115B}.Release|Any CPU.Build.0 = Release|Any CPU
	EndGlobalSection
EndGlobal
