
Microsoft Visual Studio Solution File, Format Version 12.00
Project("{FAE04EC0-301F-11D3-BF4B-00C04F79EFBC}") = "Lokalizer.Host.WA", "Lokalizer.Host.WA\Lokalizer.Host.WA.csproj", "{91EA4410-B163-4247-914B-EDE0A9B1115B}"
EndProject
Project("{FAE04EC0-301F-11D3-BF4B-00C04F79EFBC}") = "Lokalizer.Abstractions", "Lokalizer.Abstractions\Lokalizer.Abstractions.csproj", "{9972D69B-839D-4B24-9DDE-667EB62F6223}"
EndProject
Project("{FAE04EC0-301F-11D3-BF4B-00C04F79EFBC}") = "Lokalizer.Host.AzureFunctionsAPI", "Lokalizer.Host.AzureFunctionsAPI\Lokalizer.Host.AzureFunctionsAPI.csproj", "{03FFA72F-5BDB-4194-9891-65A08C21A992}"
EndProject
Project("{FAE04EC0-301F-11D3-BF4B-00C04F79EFBC}") = "Lokalizer.Application.Contracts", "Lokalizer.Application.Contracts\Lokalizer.Application.Contracts.csproj", "{36D2391A-2465-4E47-8005-784DEE4F6992}"
EndProject
Global
	GlobalSection(SolutionConfigurationPlatforms) = preSolution
		Debug|Any CPU = Debug|Any CPU
		Release|Any CPU = Release|Any CPU
	EndGlobalSection
	GlobalSection(ProjectConfigurationPlatforms) = postSolution
		{91EA4410-B163-4247-914B-EDE0A9B1115B}.Debug|Any CPU.ActiveCfg = Debug|Any CPU
		{91EA4410-B163-4247-914B-EDE0A9B1115B}.Debug|Any CPU.Build.0 = Debug|Any CPU
		{91EA4410-B163-4247-914B-EDE0A9B1115B}.Release|Any CPU.ActiveCfg = Release|Any CPU
		{91EA4410-B163-4247-914B-EDE0A9B1115B}.Release|Any CPU.Build.0 = Release|Any CPU
		{9972D69B-839D-4B24-9DDE-667EB62F6223}.Debug|Any CPU.ActiveCfg = Debug|Any CPU
		{9972D69B-839D-4B24-9DDE-667EB62F6223}.Debug|Any CPU.Build.0 = Debug|Any CPU
		{9972D69B-839D-4B24-9DDE-667EB62F6223}.Release|Any CPU.ActiveCfg = Release|Any CPU
		{9972D69B-839D-4B24-9DDE-667EB62F6223}.Release|Any CPU.Build.0 = Release|Any CPU
		{03FFA72F-5BDB-4194-9891-65A08C21A992}.Debug|Any CPU.ActiveCfg = Debug|Any CPU
		{03FFA72F-5BDB-4194-9891-65A08C21A992}.Debug|Any CPU.Build.0 = Debug|Any CPU
		{03FFA72F-5BDB-4194-9891-65A08C21A992}.Release|Any CPU.ActiveCfg = Release|Any CPU
		{03FFA72F-5BDB-4194-9891-65A08C21A992}.Release|Any CPU.Build.0 = Release|Any CPU
		{36D2391A-2465-4E47-8005-784DEE4F6992}.Debug|Any CPU.ActiveCfg = Debug|Any CPU
		{36D2391A-2465-4E47-8005-784DEE4F6992}.Debug|Any CPU.Build.0 = Debug|Any CPU
		{36D2391A-2465-4E47-8005-784DEE4F6992}.Release|Any CPU.ActiveCfg = Release|Any CPU
		{36D2391A-2465-4E47-8005-784DEE4F6992}.Release|Any CPU.Build.0 = Release|Any CPU
	EndGlobalSection
EndGlobal
